
Microsoft Visual Studio Solution File, Format Version 12.00
# Visual Studio Version 17
VisualStudioVersion = 17.0.32112.339
MinimumVisualStudioVersion = 10.0.40219.1
Project("{9A19103F-16F7-4668-BE54-9A1E7A4F7556}") = "DBMS.Web", "DBMS.Web\DBMS.Web.csproj", "{96CBBE44-5796-4CDC-9239-0C489B7CD291}"
EndProject
Project("{FAE04EC0-301F-11D3-BF4B-00C04F79EFBC}") = "DBMS.Api", "DBMS.Api\DBMS.Api.csproj", "{D23BCEDC-45A6-45BA-B8C4-3771E100CB4F}"
EndProject
Project("{FAE04EC0-301F-11D3-BF4B-00C04F79EFBC}") = "DBMS.ConsoleTests", "DBMS.ConsoleTests\DBMS.ConsoleTests.csproj", "{A4E3E9F8-6DD0-4AD7-9C52-9B0507A70CE5}"
EndProject
Global
	GlobalSection(SolutionConfigurationPlatforms) = preSolution
		Debug|Any CPU = Debug|Any CPU
		Release|Any CPU = Release|Any CPU
	EndGlobalSection
	GlobalSection(ProjectConfigurationPlatforms) = postSolution
		{96CBBE44-5796-4CDC-9239-0C489B7CD291}.Debug|Any CPU.ActiveCfg = Debug|Any CPU
		{96CBBE44-5796-4CDC-9239-0C489B7CD291}.Debug|Any CPU.Build.0 = Debug|Any CPU
		{96CBBE44-5796-4CDC-9239-0C489B7CD291}.Release|Any CPU.ActiveCfg = Release|Any CPU
		{96CBBE44-5796-4CDC-9239-0C489B7CD291}.Release|Any CPU.Build.0 = Release|Any CPU
		{D23BCEDC-45A6-45BA-B8C4-3771E100CB4F}.Debug|Any CPU.ActiveCfg = Debug|Any CPU
		{D23BCEDC-45A6-45BA-B8C4-3771E100CB4F}.Debug|Any CPU.Build.0 = Debug|Any CPU
		{D23BCEDC-45A6-45BA-B8C4-3771E100CB4F}.Release|Any CPU.ActiveCfg = Release|Any CPU
		{D23BCEDC-45A6-45BA-B8C4-3771E100CB4F}.Release|Any CPU.Build.0 = Release|Any CPU
		{A4E3E9F8-6DD0-4AD7-9C52-9B0507A70CE5}.Debug|Any CPU.ActiveCfg = Debug|Any CPU
		{A4E3E9F8-6DD0-4AD7-9C52-9B0507A70CE5}.Debug|Any CPU.Build.0 = Debug|Any CPU
		{A4E3E9F8-6DD0-4AD7-9C52-9B0507A70CE5}.Release|Any CPU.ActiveCfg = Release|Any CPU
		{A4E3E9F8-6DD0-4AD7-9C52-9B0507A70CE5}.Release|Any CPU.Build.0 = Release|Any CPU
	EndGlobalSection
	GlobalSection(SolutionProperties) = preSolution
		HideSolutionNode = FALSE
	EndGlobalSection
	GlobalSection(ExtensibilityGlobals) = postSolution
		SolutionGuid = {33082975-188B-4BDD-A618-99D81B522645}
	EndGlobalSection
EndGlobal
